[{<<"certifi">>,{pkg,<<"certifi">>,<<"0.4.0">>},2},
 {<<"cowboy">>,{pkg,<<"cowboy">>,<<"1.0.4">>},1},
 {<<"cowlib">>,{pkg,<<"cowlib">>,<<"1.0.2">>},2},
 {<<"genlib">>,
  {git,"https://github.com/rbkmoney/genlib.git",
       {ref,"66db7fe296465a875b6894eb5ac944c90f82f913"}},
  1},
 {<<"goldrush">>,{pkg,<<"goldrush">>,<<"0.1.7">>},1},
 {<<"hackney">>,{pkg,<<"hackney">>,<<"1.5.7">>},1},
 {<<"hamcrest">>,{pkg,<<"hamcrest">>,<<"0.1.1">>},2},
 {<<"idna">>,{pkg,<<"idna">>,<<"1.2.0">>},2},
 {<<"lager">>,{pkg,<<"lager">>,<<"3.0.2">>},0},
 {<<"metrics">>,{pkg,<<"metrics">>,<<"1.0.1">>},2},
 {<<"mimerl">>,{pkg,<<"mimerl">>,<<"1.0.2">>},2},
 {<<"pooler">>,{pkg,<<"pooler">>,<<"1.5.0">>},0},
 {<<"proper">>,
  {git,"https://github.com/manopapad/proper.git",
       {ref,"5f0d69c831b6c9f52535c3d1846efca480f6190d"}},
  1},
 {<<"protobuffs">>,{pkg,<<"protobuffs">>,<<"0.8.2">>},2},
 {<<"ranch">>,{pkg,<<"ranch">>,<<"1.2.1">>},2},
 {<<"riak_pb">>,{pkg,<<"riak_pb">>,<<"2.1.0">>},1},
 {<<"riakc">>,{pkg,<<"riakc">>,<<"2.1.1">>},0},
 {<<"scrypt">>,
  {git,"https://github.com/tonyg/erlang-scrypt",
       {ref,"01b761c2490d769c81bbf989d97be85c25b083e6"}},
  0},
 {<<"shamir">>,
  {git,"https://github.com/kittee/shamir",
       {ref,"232ac4f71d5193ef063c651fc31e3ccd01e04091"}},
  0},
 {<<"snowflake">>,
  {git,"https://github.com/tel/snowflake.git",
       {ref,"7a8eab0f12757133623b2151a7913b6d2707b629"}},
  1},
 {<<"ssl_verify_fun">>,{pkg,<<"ssl_verify_fun">>,<<"1.1.0">>},2},
 {<<"thrift">>,
  {git,"https://github.com/rbkmoney/thrift_erlang.git",
       {ref,"a517cf67e2ba7458db498cad3ca0a983f834cc7e"}},
  1},
 {<<"woody">>,
  {git,"git@github.com:rbkmoney/woody_erlang.git",
       {ref,"c80d54c774825f2532542f6b5b3c701233f85091"}},
  0}].
