{"1.1.0",
[{<<"base64url">>,{pkg,<<"base64url">>,<<"0.0.1">>},1},
 {<<"certifi">>,{pkg,<<"certifi">>,<<"0.7.0">>},2},
 {<<"cg_mon">>,
  {git,"https://github.com/rbkmoney/cg_mon.git",
       {ref,"5a87a37694e42b6592d3b4164ae54e0e87e24e18"}},
  1},
 {<<"cowboy">>,{pkg,<<"cowboy">>,<<"1.0.4">>},1},
 {<<"cowlib">>,{pkg,<<"cowlib">>,<<"1.0.2">>},2},
 {<<"dmsl">>,
  {git,"git@github.com:rbkmoney/damsel.git",
       {ref,"04d493c07f6272ec91c59ad363e85a5005d1a6ee"}},
  0},
 {<<"erl_health">>,
  {git,"https://github.com/rbkmoney/erlang-health.git",
       {ref,"ab3ca1ccab6e77905810aa270eb936dbe70e02f8"}},
  0},
 {<<"genlib">>,
  {git,"git@github.com:rbkmoney/genlib.git",
       {ref,"7fc1ca1a57dbe2b8b837951095e314c32afd6c9a"}},
  0},
 {<<"goldrush">>,{pkg,<<"goldrush">>,<<"0.1.9">>},1},
 {<<"hackney">>,{pkg,<<"hackney">>,<<"1.6.2">>},1},
 {<<"hamcrest">>,
  {git,"https://github.com/basho/hamcrest-erlang.git",
       {ref,"ad3dbab419762fc2d5821abb88b989da006b85c6"}},
  2},
 {<<"identdocstore_proto">>,
  {git,"git@github.com:rbkmoney/identdocstore-proto.git",
       {ref,"27d975f93f959b67d90ff92c36174ab3ed37309c"}},
  0},
 {<<"idna">>,{pkg,<<"idna">>,<<"1.2.0">>},2},
 {<<"jose">>,{pkg,<<"jose">>,<<"1.9.0">>},0},
 {<<"jsx">>,{pkg,<<"jsx">>,<<"2.9.0">>},0},
 {<<"lager">>,{pkg,<<"lager">>,<<"3.2.4">>},0},
 {<<"lager_logstash_formatter">>,
  {git,"git@github.com:rbkmoney/lager_logstash_formatter.git",
       {ref,"24527c15c47749866f2d427b333fa1333a46b8af"}},
  0},
 {<<"lib_combin">>,{pkg,<<"lib_combin">>,<<"0.1.5">>},0},
 {<<"metrics">>,{pkg,<<"metrics">>,<<"1.0.1">>},2},
 {<<"mimerl">>,{pkg,<<"mimerl">>,<<"1.0.2">>},2},
 {<<"msgpack">>,
  {git,"https://github.com/msgpack/msgpack-erlang",
       {ref,"a022774168aa36324a250816a0bd834438881ada"}},
  0},
 {<<"pooler">>,{pkg,<<"pooler">>,<<"1.5.0">>},0},
 {<<"proper">>,
  {git,"https://github.com/manopapad/proper.git",
       {ref,"430c05585188b6f96b9d8a18a4a4c400154b80cf"}},
  1},
 {<<"ranch">>,{pkg,<<"ranch">>,<<"1.5.0">>},2},
 {<<"rfc3339">>,{pkg,<<"rfc3339">>,<<"0.2.2">>},1},
 {<<"riak_pb">>,
  {git,"https://github.com/basho/riak_pb",
       {ref,"08771aba2ce4935b715d32d1b92555efdc3da994"}},
  1},
 {<<"riakc">>,
  {git,"https://github.com/rbkmoney/riak-erlang-client.git",
       {ref,"edba3d0f8f06d7e4eba84ab1e52ea30551bd0f92"}},
  0},
 {<<"scoper">>,
  {git,"git@github.com:rbkmoney/scoper.git",
       {ref,"206f76e006207f75828c1df3dde0deaa8554f332"}},
  0},
 {<<"scrypt">>,
  {git,"https://github.com/tonyg/erlang-scrypt",
       {ref,"01b761c2490d769c81bbf989d97be85c25b083e6"}},
  0},
 {<<"shamir">>,
  {git,"https://github.com/kittee/shamir",
       {ref,"232ac4f71d5193ef063c651fc31e3ccd01e04091"}},
  0},
 {<<"snowflake">>,
  {git,"https://github.com/rbkmoney/snowflake.git",
       {ref,"0a598108f6582affe3b4ae550fc5b9f2062e318a"}},
  1},
 {<<"ssl_verify_fun">>,{pkg,<<"ssl_verify_fun">>,<<"1.1.1">>},2},
 {<<"thrift">>,
  {git,"https://github.com/rbkmoney/thrift_erlang.git",
       {ref,"240bbc842f6e9b90d01bd07838778cf48752b510"}},
  1},
 {<<"woody">>,
  {git,"git@github.com:rbkmoney/woody_erlang.git",
       {ref,"354ac7664529ddecc07376bdaf4408cd8022fb61"}},
  0}]}.
[
{pkg_hash,[
 {<<"base64url">>, <<"36A90125F5948E3AFD7BE97662A1504B934DD5DAC78451CA6E9ABF85A10286BE">>},
 {<<"certifi">>, <<"861A57F3808F7EB0C2D1802AFEAAE0FA5DE813B0DF0979153CBAFCD853ABABAF">>},
 {<<"cowboy">>, <<"A324A8DF9F2316C833A470D918AAF73AE894278B8AA6226CE7A9BF699388F878">>},
 {<<"cowlib">>, <<"9D769A1D062C9C3AC753096F868CA121E2730B9A377DE23DEC0F7E08B1DF84EE">>},
 {<<"goldrush">>, <<"F06E5D5F1277DA5C413E84D5A2924174182FB108DABB39D5EC548B27424CD106">>},
 {<<"hackney">>, <<"96A0A5E7E65B7ACAD8031D231965718CC70A9B4131A8B033B7543BBD673B8210">>},
 {<<"idna">>, <<"AC62EE99DA068F43C50DC69ACF700E03A62A348360126260E87F2B54ECED86B2">>},
 {<<"jose">>, <<"4167C5F6D06FFAEBFFD15CDB8DA61A108445EF5E85AB8F5A7AD926FDF3ADA154">>},
 {<<"jsx">>, <<"D2F6E5F069C00266CAD52FB15D87C428579EA4D7D73A33669E12679E203329DD">>},
 {<<"lager">>, <<"A6DEB74DAE7927F46BD13255268308EF03EB206EC784A94EAF7C1C0F3B811615">>},
 {<<"lib_combin">>, <<"00F241FDCB6AFFFC1DE109A61A216C07E4E51C52CCB165656565BF660E7C78EB">>},
 {<<"metrics">>, <<"25F094DEA2CDA98213CECC3AEFF09E940299D950904393B2A29D191C346A8486">>},
 {<<"mimerl">>, <<"993F9B0E084083405ED8252B99460C4F0563E41729AB42D9074FD5E52439BE88">>},
 {<<"pooler">>, <<"0FD4BE5D2976E6A2E9A1617623031758C26F200C1FCA89E4A3C542747BEC6371">>},
 {<<"ranch">>, <<"F04166F456790FEE2AC1AA05A02745CC75783C2BFB26D39FAF6AEFC9A3D3A58A">>},
 {<<"rfc3339">>, <<"1552DF616ACA368D982E9F085A0E933B6688A3F4938A671798978EC2C0C58730">>},
 {<<"ssl_verify_fun">>, <<"28A4D65B7F59893BC2C7DE786DEC1E1555BD742D336043FE644AE956C3497FBE">>}]}
].
